
Microsoft Visual Studio Solution File, Format Version 12.00
# Visual Studio 15
VisualStudioVersion = 15.0.28307.106
MinimumVisualStudioVersion = 10.0.40219.1
Project("{FAE04EC0-301F-11D3-BF4B-00C04F79EFBC}") = "DoAnCK_TDN", "DoAnCK_TDN\DoAnCK_TDN.csproj", "{0B643ADC-A2D3-4617-8775-9F6FC56B45D4}"
EndProject
Global
	GlobalSection(SolutionConfigurationPlatforms) = preSolution
		Debug|Any CPU = Debug|Any CPU
		Release|Any CPU = Release|Any CPU
	EndGlobalSection
	GlobalSection(ProjectConfigurationPlatforms) = postSolution
		{0B643ADC-A2D3-4617-8775-9F6FC56B45D4}.Debug|Any CPU.ActiveCfg = Debug|Any CPU
		{0B643ADC-A2D3-4617-8775-9F6FC56B45D4}.Debug|Any CPU.Build.0 = Debug|Any CPU
		{0B643ADC-A2D3-4617-8775-9F6FC56B45D4}.Release|Any CPU.ActiveCfg = Release|Any CPU
		{0B643ADC-A2D3-4617-8775-9F6FC56B45D4}.Release|Any CPU.Build.0 = Release|Any CPU
	EndGlobalSection
	GlobalSection(SolutionProperties) = preSolution
		HideSolutionNode = FALSE
	EndGlobalSection
	GlobalSection(ExtensibilityGlobals) = postSolution
		SolutionGuid = {98389DFF-9249-44D0-A665-0F385C2ACD62}
	EndGlobalSection
EndGlobal
